
Microsoft Visual Studio Solution File, Format Version 12.00
Project("{FAE04EC0-301F-11D3-BF4B-00C04F79EFBC}") = "Quizzy", "Quizzy\Quizzy.csproj", "{0BD10E70-6723-44B9-B1BC-5E4C6540131B}"
EndProject
Global
	GlobalSection(SolutionConfigurationPlatforms) = preSolution
		Debug|Any CPU = Debug|Any CPU
		Release|Any CPU = Release|Any CPU
	EndGlobalSection
	GlobalSection(ProjectConfigurationPlatforms) = postSolution
		{0BD10E70-6723-44B9-B1BC-5E4C6540131B}.Debug|Any CPU.ActiveCfg = Debug|Any CPU
		{0BD10E70-6723-44B9-B1BC-5E4C6540131B}.Debug|Any CPU.Build.0 = Debug|Any CPU
		{0BD10E70-6723-44B9-B1BC-5E4C6540131B}.Release|Any CPU.ActiveCfg = Release|Any CPU
		{0BD10E70-6723-44B9-B1BC-5E4C6540131B}.Release|Any CPU.Build.0 = Release|Any CPU
	EndGlobalSection
EndGlobal
